
Microsoft Visual Studio Solution File, Format Version 12.00
# Visual Studio 15
VisualStudioVersion = 15.0.27428.2037
MinimumVisualStudioVersion = 10.0.40219.1
Project("{9A19103F-16F7-4668-BE54-9A1E7A4F7556}") = "WebAPIFreeman", "WebAPIFreeman\WebAPIFreeman.csproj", "{F1029F26-CF58-48F2-BFF2-47F4164CCB11}"
EndProject
Global
	GlobalSection(SolutionConfigurationPlatforms) = preSolution
		Debug|Any CPU = Debug|Any CPU
		Release|Any CPU = Release|Any CPU
	EndGlobalSection
	GlobalSection(ProjectConfigurationPlatforms) = postSolution
		{F1029F26-CF58-48F2-BFF2-47F4164CCB11}.Debug|Any CPU.ActiveCfg = Debug|Any CPU
		{F1029F26-CF58-48F2-BFF2-47F4164CCB11}.Debug|Any CPU.Build.0 = Debug|Any CPU
		{F1029F26-CF58-48F2-BFF2-47F4164CCB11}.Release|Any CPU.ActiveCfg = Release|Any CPU
		{F1029F26-CF58-48F2-BFF2-47F4164CCB11}.Release|Any CPU.Build.0 = Release|Any CPU
	EndGlobalSection
	GlobalSection(SolutionProperties) = preSolution
		HideSolutionNode = FALSE
	EndGlobalSection
	GlobalSection(ExtensibilityGlobals) = postSolution
		SolutionGuid = {B784FA95-C414-4957-A59D-8457E2E11427}
	EndGlobalSection
EndGlobal
